
Microsoft Visual Studio Solution File, Format Version 12.00
# Visual Studio Version 17
VisualStudioVersion = 17.13.35931.197 d17.13
MinimumVisualStudioVersion = 10.0.40219.1
Project("{FAE04EC0-301F-11D3-BF4B-00C04F79EFBC}") = "FoA_KLEJ_OBEF", "FoA_KLEJ_OBEF\FoA_KLEJ_OBEF.csproj", "{27C3CAA8-511B-43BD-A925-3035FD6D7C63}"
EndProject
Global
	GlobalSection(SolutionConfigurationPlatforms) = preSolution
		Debug|Any CPU = Debug|Any CPU
		Release|Any CPU = Release|Any CPU
	EndGlobalSection
	GlobalSection(ProjectConfigurationPlatforms) = postSolution
		{27C3CAA8-511B-43BD-A925-3035FD6D7C63}.Debug|Any CPU.ActiveCfg = Debug|Any CPU
		{27C3CAA8-511B-43BD-A925-3035FD6D7C63}.Debug|Any CPU.Build.0 = Debug|Any CPU
		{27C3CAA8-511B-43BD-A925-3035FD6D7C63}.Release|Any CPU.ActiveCfg = Release|Any CPU
		{27C3CAA8-511B-43BD-A925-3035FD6D7C63}.Release|Any CPU.Build.0 = Release|Any CPU
	EndGlobalSection
	GlobalSection(SolutionProperties) = preSolution
		HideSolutionNode = FALSE
	EndGlobalSection
	GlobalSection(ExtensibilityGlobals) = postSolution
		SolutionGuid = {D62F533D-009C-4639-9A18-145064C6DB4B}
	EndGlobalSection
EndGlobal
